
Microsoft Visual Studio Solution File, Format Version 12.00
# Visual Studio Version 16
VisualStudioVersion = 16.0.32106.194
MinimumVisualStudioVersion = 10.0.40219.1
Project("{FAE04EC0-301F-11D3-BF4B-00C04F79EFBC}") = "RazorPagesPizza", "RazorPagesPizza\RazorPagesPizza.csproj", "{D16E7BAB-7AED-4FD9-832B-969D56BA9A3C}"
EndProject
Global
	GlobalSection(SolutionConfigurationPlatforms) = preSolution
		Debug|Any CPU = Debug|Any CPU
		Release|Any CPU = Release|Any CPU
	EndGlobalSection
	GlobalSection(ProjectConfigurationPlatforms) = postSolution
		{D16E7BAB-7AED-4FD9-832B-969D56BA9A3C}.Debug|Any CPU.ActiveCfg = Debug|Any CPU
		{D16E7BAB-7AED-4FD9-832B-969D56BA9A3C}.Debug|Any CPU.Build.0 = Debug|Any CPU
		{D16E7BAB-7AED-4FD9-832B-969D56BA9A3C}.Release|Any CPU.ActiveCfg = Release|Any CPU
		{D16E7BAB-7AED-4FD9-832B-969D56BA9A3C}.Release|Any CPU.Build.0 = Release|Any CPU
	EndGlobalSection
	GlobalSection(SolutionProperties) = preSolution
		HideSolutionNode = FALSE
	EndGlobalSection
	GlobalSection(ExtensibilityGlobals) = postSolution
		SolutionGuid = {46FC6578-A853-48E9-9398-149CDCFEF2B3}
	EndGlobalSection
EndGlobal
